
Microsoft Visual Studio Solution File, Format Version 12.00
# Visual Studio Version 16
VisualStudioVersion = 16.0.29709.97
MinimumVisualStudioVersion = 10.0.40219.1
Project("{9A19103F-16F7-4668-BE54-9A1E7A4F7556}") = "Lab2", "Lab2.csproj", "{72A369B8-F4F9-4787-9526-158108F40696}"
EndProject
Global
	GlobalSection(SolutionConfigurationPlatforms) = preSolution
		Debug|Any CPU = Debug|Any CPU
		Release|Any CPU = Release|Any CPU
	EndGlobalSection
	GlobalSection(ProjectConfigurationPlatforms) = postSolution
		{72A369B8-F4F9-4787-9526-158108F40696}.Debug|Any CPU.ActiveCfg = Debug|Any CPU
		{72A369B8-F4F9-4787-9526-158108F40696}.Debug|Any CPU.Build.0 = Debug|Any CPU
		{72A369B8-F4F9-4787-9526-158108F40696}.Release|Any CPU.ActiveCfg = Release|Any CPU
		{72A369B8-F4F9-4787-9526-158108F40696}.Release|Any CPU.Build.0 = Release|Any CPU
	EndGlobalSection
	GlobalSection(SolutionProperties) = preSolution
		HideSolutionNode = FALSE
	EndGlobalSection
	GlobalSection(ExtensibilityGlobals) = postSolution
		SolutionGuid = {5C802EF4-38C6-48BA-B608-F4FA5F157816}
	EndGlobalSection
EndGlobal
